{
  "name": "human-ms",
  "version": "1.0.1",
  "lockfileVersion": 2,
  "requires": true,
  "packages": {
    "": {
      "name": "human-ms",
      "version": "1.0.1",
      "license": "ISC",
      "dependencies": {
        "human-ms": "github:Frontesque/human-ms"
      }
    },
    "node_modules/human-ms": {
      "version": "1.0.1",
      "resolved": "git+ssh://git@github.com/Frontesque/human-ms.git#d0f324761dfa65080f490f756dc0bdcfb014625e",
      "license": "ISC"
    }
  },
  "dependencies": {
    "human-ms": {
      "version": "git+ssh://git@github.com/Frontesque/human-ms.git#d0f324761dfa65080f490f756dc0bdcfb014625e",
      "from": "human-ms@github:Frontesque/human-ms"
    }
  }
}
